
Microsoft Visual Studio Solution File, Format Version 12.00
Project("{FAE04EC0-301F-11D3-BF4B-00C04F79EFBC}") = "MarkusPalcer.Modularity", "MarkusPalcer.Modularity\MarkusPalcer.Modularity.csproj", "{5AA3D1FE-3D9D-499F-B757-7C17EBA9CFC5}"
EndProject
Project("{2150E333-8FDC-42A3-9474-1A3956D46DE8}") = "Files", "Files", "{A0D9B052-9C28-4BA9-8BC7-2CA9B780B8AE}"
	ProjectSection(SolutionItems) = preProject
		.gitignore = .gitignore
		README.md = README.md
		Directory.build.props = Directory.build.props
	EndProjectSection
EndProject
Project("{FAE04EC0-301F-11D3-BF4B-00C04F79EFBC}") = "MarkusPalcer.AutoWire", "MarkusPalcer.AutoWire\MarkusPalcer.AutoWire.csproj", "{72E01588-ABB7-4102-AF1B-37F607B99838}"
EndProject
Project("{2150E333-8FDC-42A3-9474-1A3956D46DE8}") = "AutoWire", "AutoWire", "{084D5DEC-DCCB-4297-A328-C3C8B3FA1C66}"
EndProject
Project("{FAE04EC0-301F-11D3-BF4B-00C04F79EFBC}") = "MarkusPalcer.AutoWire.Module", "MarkusPalcer.AutoWire.Module\MarkusPalcer.AutoWire.Module.csproj", "{553186B9-681B-48B7-9F94-F8A61075AC84}"
EndProject
Project("{FAE04EC0-301F-11D3-BF4B-00C04F79EFBC}") = "MarkusPalcer.Extensions", "MarkusPalcer.Extensions\MarkusPalcer.Extensions.csproj", "{FBAFDFBB-28C6-47BA-B8D4-19ECEECA3C47}"
EndProject
Project("{2150E333-8FDC-42A3-9474-1A3956D46DE8}") = "Extensions", "Extensions", "{D796B88F-A8EE-4DA3-A658-F5ED50B9F4A8}"
EndProject
Project("{FAE04EC0-301F-11D3-BF4B-00C04F79EFBC}") = "MarkusPalcer.Extensions.Test", "MarkusPalcer.Extensions.Test\MarkusPalcer.Extensions.Test.csproj", "{245EE8DB-8941-4B47-955B-8F294457C63B}"
EndProject
Global
	GlobalSection(SolutionConfigurationPlatforms) = preSolution
		Debug|Any CPU = Debug|Any CPU
		Release|Any CPU = Release|Any CPU
	EndGlobalSection
	GlobalSection(ProjectConfigurationPlatforms) = postSolution
		{5AA3D1FE-3D9D-499F-B757-7C17EBA9CFC5}.Debug|Any CPU.ActiveCfg = Debug|Any CPU
		{5AA3D1FE-3D9D-499F-B757-7C17EBA9CFC5}.Debug|Any CPU.Build.0 = Debug|Any CPU
		{5AA3D1FE-3D9D-499F-B757-7C17EBA9CFC5}.Release|Any CPU.ActiveCfg = Release|Any CPU
		{5AA3D1FE-3D9D-499F-B757-7C17EBA9CFC5}.Release|Any CPU.Build.0 = Release|Any CPU
		{72E01588-ABB7-4102-AF1B-37F607B99838}.Debug|Any CPU.ActiveCfg = Debug|Any CPU
		{72E01588-ABB7-4102-AF1B-37F607B99838}.Debug|Any CPU.Build.0 = Debug|Any CPU
		{72E01588-ABB7-4102-AF1B-37F607B99838}.Release|Any CPU.ActiveCfg = Release|Any CPU
		{72E01588-ABB7-4102-AF1B-37F607B99838}.Release|Any CPU.Build.0 = Release|Any CPU
		{553186B9-681B-48B7-9F94-F8A61075AC84}.Debug|Any CPU.ActiveCfg = Debug|Any CPU
		{553186B9-681B-48B7-9F94-F8A61075AC84}.Debug|Any CPU.Build.0 = Debug|Any CPU
		{553186B9-681B-48B7-9F94-F8A61075AC84}.Release|Any CPU.ActiveCfg = Release|Any CPU
		{553186B9-681B-48B7-9F94-F8A61075AC84}.Release|Any CPU.Build.0 = Release|Any CPU
		{FBAFDFBB-28C6-47BA-B8D4-19ECEECA3C47}.Debug|Any CPU.ActiveCfg = Debug|Any CPU
		{FBAFDFBB-28C6-47BA-B8D4-19ECEECA3C47}.Debug|Any CPU.Build.0 = Debug|Any CPU
		{FBAFDFBB-28C6-47BA-B8D4-19ECEECA3C47}.Release|Any CPU.ActiveCfg = Release|Any CPU
		{FBAFDFBB-28C6-47BA-B8D4-19ECEECA3C47}.Release|Any CPU.Build.0 = Release|Any CPU
		{245EE8DB-8941-4B47-955B-8F294457C63B}.Debug|Any CPU.ActiveCfg = Debug|Any CPU
		{245EE8DB-8941-4B47-955B-8F294457C63B}.Debug|Any CPU.Build.0 = Debug|Any CPU
		{245EE8DB-8941-4B47-955B-8F294457C63B}.Release|Any CPU.ActiveCfg = Release|Any CPU
		{245EE8DB-8941-4B47-955B-8F294457C63B}.Release|Any CPU.Build.0 = Release|Any CPU
	EndGlobalSection
	GlobalSection(NestedProjects) = preSolution
		{72E01588-ABB7-4102-AF1B-37F607B99838} = {084D5DEC-DCCB-4297-A328-C3C8B3FA1C66}
		{553186B9-681B-48B7-9F94-F8A61075AC84} = {084D5DEC-DCCB-4297-A328-C3C8B3FA1C66}
		{FBAFDFBB-28C6-47BA-B8D4-19ECEECA3C47} = {D796B88F-A8EE-4DA3-A658-F5ED50B9F4A8}
		{245EE8DB-8941-4B47-955B-8F294457C63B} = {D796B88F-A8EE-4DA3-A658-F5ED50B9F4A8}
	EndGlobalSection
EndGlobal
