
Microsoft Visual Studio Solution File, Format Version 12.00
Project("{FAE04EC0-301F-11D3-BF4B-00C04F79EFBC}") = "MarkusPalcer.Modularity", "MarkusPalcer.Modularity\MarkusPalcer.Modularity.csproj", "{5AA3D1FE-3D9D-499F-B757-7C17EBA9CFC5}"
EndProject
Project("{2150E333-8FDC-42A3-9474-1A3956D46DE8}") = "Files", "Files", "{A0D9B052-9C28-4BA9-8BC7-2CA9B780B8AE}"
	ProjectSection(SolutionItems) = preProject
		.gitignore = .gitignore
		README.md = README.md
	EndProjectSection
EndProject
Global
	GlobalSection(SolutionConfigurationPlatforms) = preSolution
		Debug|Any CPU = Debug|Any CPU
		Release|Any CPU = Release|Any CPU
	EndGlobalSection
	GlobalSection(ProjectConfigurationPlatforms) = postSolution
		{5AA3D1FE-3D9D-499F-B757-7C17EBA9CFC5}.Debug|Any CPU.ActiveCfg = Debug|Any CPU
		{5AA3D1FE-3D9D-499F-B757-7C17EBA9CFC5}.Debug|Any CPU.Build.0 = Debug|Any CPU
		{5AA3D1FE-3D9D-499F-B757-7C17EBA9CFC5}.Release|Any CPU.ActiveCfg = Release|Any CPU
		{5AA3D1FE-3D9D-499F-B757-7C17EBA9CFC5}.Release|Any CPU.Build.0 = Release|Any CPU
	EndGlobalSection
	GlobalSection(NestedProjects) = preSolution
	EndGlobalSection
EndGlobal
